
Microsoft Visual Studio Solution File, Format Version 12.00
# Visual Studio Version 17
VisualStudioVersion = 17.3.32825.248
MinimumVisualStudioVersion = 10.0.40219.1
Project("{8BC9CEB8-8B4A-11D0-8D11-00A0C91BC942}") = "5.2.1", "5.2.1\5.2.1.vcxproj", "{D7CAA2C9-82D1-481F-A8F3-72B14A66DF16}"
EndProject
Global
	GlobalSection(SolutionConfigurationPlatforms) = preSolution
		Debug|x64 = Debug|x64
		Debug|x86 = Debug|x86
		Release|x64 = Release|x64
		Release|x86 = Release|x86
	EndGlobalSection
	GlobalSection(ProjectConfigurationPlatforms) = postSolution
		{D7CAA2C9-82D1-481F-A8F3-72B14A66DF16}.Debug|x64.ActiveCfg = Debug|x64
		{D7CAA2C9-82D1-481F-A8F3-72B14A66DF16}.Debug|x64.Build.0 = Debug|x64
		{D7CAA2C9-82D1-481F-A8F3-72B14A66DF16}.Debug|x86.ActiveCfg = Debug|Win32
		{D7CAA2C9-82D1-481F-A8F3-72B14A66DF16}.Debug|x86.Build.0 = Debug|Win32
		{D7CAA2C9-82D1-481F-A8F3-72B14A66DF16}.Release|x64.ActiveCfg = Release|x64
		{D7CAA2C9-82D1-481F-A8F3-72B14A66DF16}.Release|x64.Build.0 = Release|x64
		{D7CAA2C9-82D1-481F-A8F3-72B14A66DF16}.Release|x86.ActiveCfg = Release|Win32
		{D7CAA2C9-82D1-481F-A8F3-72B14A66DF16}.Release|x86.Build.0 = Release|Win32
	EndGlobalSection
	GlobalSection(SolutionProperties) = preSolution
		HideSolutionNode = FALSE
	EndGlobalSection
	GlobalSection(ExtensibilityGlobals) = postSolution
		SolutionGuid = {FBFFEE13-F012-4348-BAF4-4D1F1E712D84}
	EndGlobalSection
EndGlobal
